<?xml version="1.0" encoding="utf-8"?>
<Project ToolsVersion="4.0" xmlns="http://schemas.microsoft.com/developer/msbuild/2003">
  <ItemGroup>
    <Filter Include="Source Files">
      <UniqueIdentifier>{4FC737F1-C7A5-4376-A066-2A32D752A2FF}</UniqueIdentifier>
      <Extensions>cpp;c;cc;cxx;def;odl;idl;hpj;bat;asm;asmx</Extensions>
    </Filter>
    <Filter Include="Header Files">
      <UniqueIdentifier>{93995380-89BD-4b04-88EB-625FBE52EBFB}</UniqueIdentifier>
      <Extensions>h;hpp;hxx;hm;inl;inc;xsd</Extensions>
    </Filter>
    <Filter Include="Resource Files">
      <UniqueIdentifier>{67DA6AB6-F800-4c08-8B7A-83BB121AAD01}</UniqueIdentifier>
      <Extensions>rc;ico;cur;bmp;dlg;rc2;rct;bin;rgs;gif;jpg;jpeg;jpe;resx;tiff;tif;png;wav;mfcribbon-ms</Extensions>
    </Filter>
  </ItemGroup>
  <ItemGroup>
    <None Include="ReadMe.txt" />
    <None Include="res\RobotSoccerProgram.rc2">
      <Filter>Resource Files</Filter>
    </None>
    <None Include="res\RobotSoccerProgram.ico">
      <Filter>Resource Files</Filter>
    </None>
    <None Include="res\revision0.cur">
      <Filter>Resource Files</Filter>
    </None>
    <None Include="res\revision1.cur">
      <Filter>Resource Files</Filter>
    </None>
    <None Include="res\revision2.cur">
      <Filter>Resource Files</Filter>
    </None>
    <None Include="res\revision3.cur">
      <Filter>Resource Files</Filter>
    </None>
    <None Include="res\revision4.cur">
      <Filter>Resource Files</Filter>
    </None>
    <None Include="res\zoom1.cur">
      <Filter>Resource Files</Filter>
    </None>
    <None Include="res\zoom2.cur">
      <Filter>Resource Files</Filter>
    </None>
    <None Include="res\hide.cur">
      <Filter>Resource Files</Filter>
    </None>
    <None Include="res\tree_strategy.bmp">
      <Filter>Resource Files</Filter>
    </None>
    <None Include="res\tree_strategy_role.bmp">
      <Filter>Resource Files</Filter>
    </None>
    <None Include="res\bitmap1.bmp">
      <Filter>Resource Files</Filter>
    </None>
    <None Include="res\list.bmp">
      <Filter>Resource Files</Filter>
    </None>
    <None Include="res\list_situation.bmp">
      <Filter>Resource Files</Filter>
    </None>
    <None Include="res\list_role.bmp">
      <Filter>Resource Files</Filter>
    </None>
    <None Include="res\list_roleassign.bmp">
      <Filter>Resource Files</Filter>
    </None>
    <None Include="res\list_behavior.bmp">
      <Filter>Resource Files</Filter>
    </None>
  </ItemGroup>
  <ItemGroup>
    <ClInclude Include="RobotSoccerProgram.h">
      <Filter>Header Files</Filter>
    </ClInclude>
    <ClInclude Include="RobotSoccerProgramDlg.h">
      <Filter>Header Files</Filter>
    </ClInclude>
    <ClInclude Include="stdafx.h">
      <Filter>Header Files</Filter>
    </ClInclude>
    <ClInclude Include="targetver.h">
      <Filter>Header Files</Filter>
    </ClInclude>
    <ClInclude Include="Resource.h">
      <Filter>Header Files</Filter>
    </ClInclude>
    <ClInclude Include="ColorSampleData.h">
      <Filter>Header Files</Filter>
    </ClInclude>
    <ClInclude Include="FontPropertySheet.h">
      <Filter>Header Files</Filter>
    </ClInclude>
    <ClInclude Include="Ground.h">
      <Filter>Header Files</Filter>
    </ClInclude>
    <ClInclude Include="ImageGrabber_File.h">
      <Filter>Header Files</Filter>
    </ClInclude>
    <ClInclude Include="ImageGrabber_Standard.h">
      <Filter>Header Files</Filter>
    </ClInclude>
    <ClInclude Include="ImageGrabber_USBCam.h">
      <Filter>Header Files</Filter>
    </ClInclude>
    <ClInclude Include="LookUpTable.h">
      <Filter>Header Files</Filter>
    </ClInclude>
    <ClInclude Include="ObjectPositionInfo.h">
      <Filter>Header Files</Filter>
    </ClInclude>
    <ClInclude Include="PointDouble.h">
      <Filter>Header Files</Filter>
    </ClInclude>
    <ClInclude Include="PolygonMouse.h">
      <Filter>Header Files</Filter>
    </ClInclude>
    <ClInclude Include="PropertyPageColorSetting.h">
      <Filter>Header Files</Filter>
    </ClInclude>
    <ClInclude Include="PropertyPageGame.h">
      <Filter>Header Files</Filter>
    </ClInclude>
    <ClInclude Include="PropertyPageRobotSoccer.h">
      <Filter>Header Files</Filter>
    </ClInclude>
    <ClInclude Include="PropertyPageStrategyGUI.h">
      <Filter>Header Files</Filter>
    </ClInclude>
    <ClInclude Include="PropertyPageVision.h">
      <Filter>Header Files</Filter>
    </ClInclude>
    <ClInclude Include="PropertyPageVisionCoreDiagonalPatch.h">
      <Filter>Header Files</Filter>
    </ClInclude>
    <ClInclude Include="RectDouble.h">
      <Filter>Header Files</Filter>
    </ClInclude>
    <ClInclude Include="RectMouse.h">
      <Filter>Header Files</Filter>
    </ClInclude>
    <ClInclude Include="RobotSoccerCommon.h">
      <Filter>Header Files</Filter>
    </ClInclude>
    <ClInclude Include="TimeCheck.h">
      <Filter>Header Files</Filter>
    </ClInclude>
    <ClInclude Include="TimeGraph.h">
      <Filter>Header Files</Filter>
    </ClInclude>
    <ClInclude Include="VisionCore.h">
      <Filter>Header Files</Filter>
    </ClInclude>
    <ClInclude Include="VisionCoreDiagonalPatch.h">
      <Filter>Header Files</Filter>
    </ClInclude>
    <ClInclude Include="Revision.h">
      <Filter>Header Files</Filter>
    </ClInclude>
    <ClInclude Include="StrategyCore.h">
      <Filter>Header Files</Filter>
    </ClInclude>
    <ClInclude Include="GameGUI.h">
      <Filter>Header Files</Filter>
    </ClInclude>
    <ClInclude Include="ScreenObject.h">
      <Filter>Header Files</Filter>
    </ClInclude>
    <ClInclude Include="Mission.h">
      <Filter>Header Files</Filter>
    </ClInclude>
    <ClInclude Include="MissionSet.h">
      <Filter>Header Files</Filter>
    </ClInclude>
    <ClInclude Include="Ball.h">
      <Filter>Header Files</Filter>
    </ClInclude>
    <ClInclude Include="AutopositionData.h">
      <Filter>Header Files</Filter>
    </ClInclude>
    <ClInclude Include="GameRun.h">
      <Filter>Header Files</Filter>
    </ClInclude>
    <ClInclude Include="ObjectVelocityInfo.h">
      <Filter>Header Files</Filter>
    </ClInclude>
    <ClInclude Include="SynchronousModule.h">
      <Filter>Header Files</Filter>
    </ClInclude>
    <ClInclude Include="VisionCore_Segment.h">
      <Filter>Header Files</Filter>
    </ClInclude>
    <ClInclude Include="PropertyPageVisionCoreSegmentPatch.h">
      <Filter>Header Files</Filter>
    </ClInclude>
    <ClInclude Include="StrategyParameter.h">
      <Filter>Header Files</Filter>
    </ClInclude>
    <ClInclude Include="Situation.h">
      <Filter>Header Files</Filter>
    </ClInclude>
    <ClInclude Include="PathCubicSpline.h">
      <Filter>Header Files</Filter>
    </ClInclude>
    <ClInclude Include="Curve.h">
      <Filter>Header Files</Filter>
    </ClInclude>
    <ClInclude Include="CubicSpline.h">
      <Filter>Header Files</Filter>
    </ClInclude>
    <ClInclude Include="VelocityParameter.h">
      <Filter>Header Files</Filter>
    </ClInclude>
    <ClInclude Include="VelocityParameter2.h">
      <Filter>Header Files</Filter>
    </ClInclude>
    <ClInclude Include="CommThread.h">
      <Filter>Header Files</Filter>
    </ClInclude>
    <ClInclude Include="CommQueue.h">
      <Filter>Header Files</Filter>
    </ClInclude>
    <ClInclude Include="VelocityParameterDlg.h">
      <Filter>Header Files</Filter>
    </ClInclude>
    <ClInclude Include="VelocityParameterDlg2.h">
      <Filter>Header Files</Filter>
    </ClInclude>
    <ClInclude Include="StrategyParameterDlg.h">
      <Filter>Header Files</Filter>
    </ClInclude>
    <ClInclude Include="Robot.h">
      <Filter>Header Files</Filter>
    </ClInclude>
    <ClInclude Include="StrategyGUI.h">
      <Filter>Header Files</Filter>
    </ClInclude>
    <ClInclude Include="BallDraw.h">
      <Filter>Header Files</Filter>
    </ClInclude>
    <ClInclude Include="RobotDraw.h">
      <Filter>Header Files</Filter>
    </ClInclude>
    <ClInclude Include="VisionCore_BarPatch.h">
      <Filter>Header Files</Filter>
    </ClInclude>
    <ClInclude Include="PropertyPageVisionCoreBarPatch.h">
      <Filter>Header Files</Filter>
    </ClInclude>
    <ClInclude Include="SetPlayData.h">
      <Filter>Header Files</Filter>
    </ClInclude>
    <ClInclude Include="DisplayResources.h">
      <Filter>Header Files</Filter>
    </ClInclude>
  </ItemGroup>
  <ItemGroup>
    <ClCompile Include="RobotSoccerProgram.cpp">
      <Filter>Source Files</Filter>
    </ClCompile>
    <ClCompile Include="RobotSoccerProgramDlg.cpp">
      <Filter>Source Files</Filter>
    </ClCompile>
    <ClCompile Include="stdafx.cpp">
      <Filter>Source Files</Filter>
    </ClCompile>
    <ClCompile Include="ColorSampleData.cpp">
      <Filter>Source Files</Filter>
    </ClCompile>
    <ClCompile Include="FontPropertySheet.cpp">
      <Filter>Source Files</Filter>
    </ClCompile>
    <ClCompile Include="Ground.cpp">
      <Filter>Source Files</Filter>
    </ClCompile>
    <ClCompile Include="ImageGrabber_File.cpp">
      <Filter>Source Files</Filter>
    </ClCompile>
    <ClCompile Include="ImageGrabber_Standard.cpp">
      <Filter>Source Files</Filter>
    </ClCompile>
    <ClCompile Include="ImageGrabber_USBCam.cpp">
      <Filter>Source Files</Filter>
    </ClCompile>
    <ClCompile Include="LookUpTable.cpp">
      <Filter>Source Files</Filter>
    </ClCompile>
    <ClCompile Include="ObjectPositionInfo.cpp">
      <Filter>Source Files</Filter>
    </ClCompile>
    <ClCompile Include="PointDouble.cpp">
      <Filter>Source Files</Filter>
    </ClCompile>
    <ClCompile Include="PolygonMouse.cpp">
      <Filter>Source Files</Filter>
    </ClCompile>
    <ClCompile Include="PropertyPageColorSetting.cpp">
      <Filter>Source Files</Filter>
    </ClCompile>
    <ClCompile Include="PropertyPageGame.cpp">
      <Filter>Source Files</Filter>
    </ClCompile>
    <ClCompile Include="PropertyPageRobotSoccer.cpp">
      <Filter>Source Files</Filter>
    </ClCompile>
    <ClCompile Include="PropertyPageStrategyGUI.cpp">
      <Filter>Source Files</Filter>
    </ClCompile>
    <ClCompile Include="PropertyPageVision.cpp">
      <Filter>Source Files</Filter>
    </ClCompile>
    <ClCompile Include="PropertyPageVisionCoreDiagonalPatch.cpp">
      <Filter>Source Files</Filter>
    </ClCompile>
    <ClCompile Include="RectDouble.cpp">
      <Filter>Source Files</Filter>
    </ClCompile>
    <ClCompile Include="RectMouse.cpp">
      <Filter>Source Files</Filter>
    </ClCompile>
    <ClCompile Include="Revision.cpp">
      <Filter>Source Files</Filter>
    </ClCompile>
    <ClCompile Include="RobotSoccerCommon.cpp">
      <Filter>Source Files</Filter>
    </ClCompile>
    <ClCompile Include="TimeCheck.cpp">
      <Filter>Source Files</Filter>
    </ClCompile>
    <ClCompile Include="TimeGraph.cpp">
      <Filter>Source Files</Filter>
    </ClCompile>
    <ClCompile Include="VisionCore.cpp">
      <Filter>Source Files</Filter>
    </ClCompile>
    <ClCompile Include="VisionCoreDiagonalPatch.cpp">
      <Filter>Source Files</Filter>
    </ClCompile>
    <ClCompile Include="StrategyCore.cpp">
      <Filter>Source Files</Filter>
    </ClCompile>
    <ClCompile Include="GameGUI.cpp">
      <Filter>Source Files</Filter>
    </ClCompile>
    <ClCompile Include="ScreenObject.cpp">
      <Filter>Source Files</Filter>
    </ClCompile>
    <ClCompile Include="Mission.cpp">
      <Filter>Source Files</Filter>
    </ClCompile>
    <ClCompile Include="MissionSet.cpp">
      <Filter>Source Files</Filter>
    </ClCompile>
    <ClCompile Include="Ball.cpp">
      <Filter>Source Files</Filter>
    </ClCompile>
    <ClCompile Include="AutopositionData.cpp">
      <Filter>Source Files</Filter>
    </ClCompile>
    <ClCompile Include="GameRun.cpp">
      <Filter>Source Files</Filter>
    </ClCompile>
    <ClCompile Include="ObjectVelocityInfo.cpp">
      <Filter>Source Files</Filter>
    </ClCompile>
    <ClCompile Include="SynchronousModule.cpp">
      <Filter>Source Files</Filter>
    </ClCompile>
    <ClCompile Include="VisionCore_Segment.cpp">
      <Filter>Source Files</Filter>
    </ClCompile>
    <ClCompile Include="PropertyPageVisionCoreSegmentPatch.cpp">
      <Filter>Source Files</Filter>
    </ClCompile>
    <ClCompile Include="StrategyParameter.cpp">
      <Filter>Source Files</Filter>
    </ClCompile>
    <ClCompile Include="Situation.cpp">
      <Filter>Source Files</Filter>
    </ClCompile>
    <ClCompile Include="PathCubicSpline.cpp">
      <Filter>Source Files</Filter>
    </ClCompile>
    <ClCompile Include="Curve.cpp">
      <Filter>Source Files</Filter>
    </ClCompile>
    <ClCompile Include="CubicSpline.cpp">
      <Filter>Source Files</Filter>
    </ClCompile>
    <ClCompile Include="VelocityParameter.cpp">
      <Filter>Source Files</Filter>
    </ClCompile>
    <ClCompile Include="VelocityParameter2.cpp">
      <Filter>Source Files</Filter>
    </ClCompile>
    <ClCompile Include="CommThread.cpp">
      <Filter>Source Files</Filter>
    </ClCompile>
    <ClCompile Include="CommQueue.cpp">
      <Filter>Source Files</Filter>
    </ClCompile>
    <ClCompile Include="VelocityParameterDlg.cpp">
      <Filter>Source Files</Filter>
    </ClCompile>
    <ClCompile Include="VelocityParameterDlg2.cpp">
      <Filter>Source Files</Filter>
    </ClCompile>
    <ClCompile Include="StrategyParameterDlg.cpp">
      <Filter>Source Files</Filter>
    </ClCompile>
    <ClCompile Include="Robot.cpp">
      <Filter>Source Files</Filter>
    </ClCompile>
    <ClCompile Include="StrategyGUI.cpp">
      <Filter>Source Files</Filter>
    </ClCompile>
    <ClCompile Include="BallDraw.cpp">
      <Filter>Source Files</Filter>
    </ClCompile>
    <ClCompile Include="RobotDraw.cpp">
      <Filter>Source Files</Filter>
    </ClCompile>
    <ClCompile Include="VisionCore_BarPatch.cpp">
      <Filter>Source Files</Filter>
    </ClCompile>
    <ClCompile Include="PropertyPageVisionCoreBarPatch.cpp">
      <Filter>Source Files</Filter>
    </ClCompile>
    <ClCompile Include="SetPlayData.cpp">
      <Filter>Source Files</Filter>
    </ClCompile>
  </ItemGroup>
  <ItemGroup>
    <ResourceCompile Include="RobotSoccerProgram.rc">
      <Filter>Resource Files</Filter>
    </ResourceCompile>
  </ItemGroup>
</Project>